
Microsoft Visual Studio Solution File, Format Version 12.00
# Visual Studio Version 17
VisualStudioVersion = 17.14.37012.4 d17.14
MinimumVisualStudioVersion = 10.0.40219.1
Project("{FAE04EC0-301F-11D3-BF4B-00C04F79EFBC}") = "Notdefteri", "Notdefteri.csproj", "{12684C77-043E-4CDA-BF84-38491FCEA10C}"
EndProject
Global
	GlobalSection(SolutionConfigurationPlatforms) = preSolution
		Debug|Any CPU = Debug|Any CPU
		Release|Any CPU = Release|Any CPU
	EndGlobalSection
	GlobalSection(ProjectConfigurationPlatforms) = postSolution
		{12684C77-043E-4CDA-BF84-38491FCEA10C}.Debug|Any CPU.ActiveCfg = Debug|Any CPU
		{12684C77-043E-4CDA-BF84-38491FCEA10C}.Debug|Any CPU.Build.0 = Debug|Any CPU
		{12684C77-043E-4CDA-BF84-38491FCEA10C}.Release|Any CPU.ActiveCfg = Release|Any CPU
		{12684C77-043E-4CDA-BF84-38491FCEA10C}.Release|Any CPU.Build.0 = Release|Any CPU
	EndGlobalSection
	GlobalSection(SolutionProperties) = preSolution
		HideSolutionNode = FALSE
	EndGlobalSection
	GlobalSection(ExtensibilityGlobals) = postSolution
		SolutionGuid = {885B5D34-068F-41B2-A6C8-47D7A493C517}
	EndGlobalSection
EndGlobal
